
Microsoft Visual Studio Solution File, Format Version 12.00
# Visual Studio Version 17
VisualStudioVersion = 17.9.34728.123
MinimumVisualStudioVersion = 10.0.40219.1
Project("{9A19103F-16F7-4668-BE54-9A1E7A4F7556}") = "APICatalogo", "APICatalogo\APICatalogo.csproj", "{9C799452-F160-4765-B39B-89C12C706779}"
EndProject
Project("{2150E333-8FDC-42A3-9474-1A3956D46DE8}") = "Solution Items", "Solution Items", "{9CB9A104-A209-402D-9A45-DDF01EE16E68}"
	ProjectSection(SolutionItems) = preProject
		.editorconfig = .editorconfig
	EndProjectSection
EndProject
Project("{FAE04EC0-301F-11D3-BF4B-00C04F79EFBC}") = "APICatalogoxUnitTests", "APICatalogoxUnitTests\APICatalogoxUnitTests.csproj", "{C32F41C8-1998-4658-AB01-F9349DC18DD1}"
EndProject
Global
	GlobalSection(SolutionConfigurationPlatforms) = preSolution
		Debug|Any CPU = Debug|Any CPU
		Release|Any CPU = Release|Any CPU
	EndGlobalSection
	GlobalSection(ProjectConfigurationPlatforms) = postSolution
		{9C799452-F160-4765-B39B-89C12C706779}.Debug|Any CPU.ActiveCfg = Debug|Any CPU
		{9C799452-F160-4765-B39B-89C12C706779}.Debug|Any CPU.Build.0 = Debug|Any CPU
		{9C799452-F160-4765-B39B-89C12C706779}.Release|Any CPU.ActiveCfg = Release|Any CPU
		{9C799452-F160-4765-B39B-89C12C706779}.Release|Any CPU.Build.0 = Release|Any CPU
		{C32F41C8-1998-4658-AB01-F9349DC18DD1}.Debug|Any CPU.ActiveCfg = Debug|Any CPU
		{C32F41C8-1998-4658-AB01-F9349DC18DD1}.Debug|Any CPU.Build.0 = Debug|Any CPU
		{C32F41C8-1998-4658-AB01-F9349DC18DD1}.Release|Any CPU.ActiveCfg = Release|Any CPU
		{C32F41C8-1998-4658-AB01-F9349DC18DD1}.Release|Any CPU.Build.0 = Release|Any CPU
	EndGlobalSection
	GlobalSection(SolutionProperties) = preSolution
		HideSolutionNode = FALSE
	EndGlobalSection
	GlobalSection(ExtensibilityGlobals) = postSolution
		SolutionGuid = {8DC0A435-82CB-479A-AE86-2F68E40B1639}
	EndGlobalSection
EndGlobal
